{
  "nodes": {
    "nixpkgs": {
      "locked": {
        "lastModified": 1777484439,
        "narHash": "sha256-MebNO8kyOG5OO/QqeG8HbJx85AhqeGxigkjrdpOmpDk=",
        "owner": "anoadragon453",
        "repo": "nixpkgs",
        "rev": "a519456e4d572179f353dc5feab13b4656c59b76",
        "type": "github"
      },
      "original": {
        "owner": "anoadragon453",
        "repo": "nixpkgs",
        "rev": "a519456e4d572179f353dc5feab13b4656c59b76",
        "type": "github"
      }
    },
    "root": {
      "inputs": {
        "nixpkgs": "nixpkgs"
      }
    }
  },
  "root": "root",
  "version": 7
}
